
Microsoft Visual Studio Solution File, Format Version 12.00
# Visual Studio Version 17
VisualStudioVersion = 17.3.32922.545
MinimumVisualStudioVersion = 10.0.40219.1
Project("{FAE04EC0-301F-11D3-BF4B-00C04F79EFBC}") = "WindowsApp", "WindowsApp\WindowsApp.csproj", "{6844DBCC-F3CF-4D11-B3E2-41D991B1B513}"
EndProject
Global
	GlobalSection(SolutionConfigurationPlatforms) = preSolution
		Debug|Any CPU = Debug|Any CPU
		Release|Any CPU = Release|Any CPU
	EndGlobalSection
	GlobalSection(ProjectConfigurationPlatforms) = postSolution
		{6844DBCC-F3CF-4D11-B3E2-41D991B1B513}.Debug|Any CPU.ActiveCfg = Debug|Any CPU
		{6844DBCC-F3CF-4D11-B3E2-41D991B1B513}.Debug|Any CPU.Build.0 = Debug|Any CPU
		{6844DBCC-F3CF-4D11-B3E2-41D991B1B513}.Release|Any CPU.ActiveCfg = Release|Any CPU
		{6844DBCC-F3CF-4D11-B3E2-41D991B1B513}.Release|Any CPU.Build.0 = Release|Any CPU
	EndGlobalSection
	GlobalSection(SolutionProperties) = preSolution
		HideSolutionNode = FALSE
	EndGlobalSection
	GlobalSection(ExtensibilityGlobals) = postSolution
		SolutionGuid = {A0D4F278-9F11-4999-81DF-219B4942E130}
	EndGlobalSection
EndGlobal
